// !$*UTF8*$!
{
	archiveVersion = 1;
	classes = {
	};
	objectVersion = 56;
	objects = {

/* Begin PBXBuildFile section */
		CE4A286D2B2144C80037DB4C /* AppDelegate.swift in Sources */ = {isa = PBXBuildFile; fileRef = CE4A286C2B2144C80037DB4C /* AppDelegate.swift */; };
		CE4A28712B2144C80037DB4C /* Main.html in Resources */ = {isa = PBXBuildFile; fileRef = CE4A286F2B2144C80037DB4C /* Main.html */; };
		CE4A28732B2144C80037DB4C /* Icon.png in Resources */ = {isa = PBXBuildFile; fileRef = CE4A28722B2144C80037DB4C /* Icon.png */; };
		CE4A28752B2144C80037DB4C /* Style.css in Resources */ = {isa = PBXBuildFile; fileRef = CE4A28742B2144C80037DB4C /* Style.css */; };
		CE4A28772B2144C80037DB4C /* SceneDelegate.swift in Sources */ = {isa = PBXBuildFile; fileRef = CE4A28762B2144C80037DB4C /* SceneDelegate.swift */; };
		CE4A28792B2144C80037DB4C /* ViewController.swift in Sources */ = {isa = PBXBuildFile; fileRef = CE4A28782B2144C80037DB4C /* ViewController.swift */; };
		CE4A287C2B2144C80037DB4C /* LaunchScreen.storyboard in Resources */ = {isa = PBXBuildFile; fileRef = CE4A287A2B2144C80037DB4C /* LaunchScreen.storyboard */; };
		CE4A287F2B2144C80037DB4C /* Main.storyboard in Resources */ = {isa = PBXBuildFile; fileRef = CE4A287D2B2144C80037DB4C /* Main.storyboard */; };
		CE4A28872B2144C90037DB4C /* YoutubePIP Extension.appex in Embed Foundation Extensions */ = {isa = PBXBuildFile; fileRef = CE4A28862B2144C90037DB4C /* YoutubePIP Extension.appex */; settings = {ATTRIBUTES = (RemoveHeadersOnCopy, ); }; };
		CE4A288C2B2144C90037DB4C /* SafariWebExtensionHandler.swift in Sources */ = {isa = PBXBuildFile; fileRef = CE4A288B2B2144C90037DB4C /* SafariWebExtensionHandler.swift */; };
		CE4A288F2B2144C90037DB4C /* _locales in Resources */ = {isa = PBXBuildFile; fileRef = CE4A288E2B2144C90037DB4C /* _locales */; };
		CE4A28912B2144C90037DB4C /* images in Resources */ = {isa = PBXBuildFile; fileRef = CE4A28902B2144C90037DB4C /* images */; };
		CE4A28932B2144C90037DB4C /* manifest.json in Resources */ = {isa = PBXBuildFile; fileRef = CE4A28922B2144C90037DB4C /* manifest.json */; };
		CE4A28952B2144C90037DB4C /* background.js in Resources */ = {isa = PBXBuildFile; fileRef = CE4A28942B2144C90037DB4C /* background.js */; };
		CE4A28972B2144C90037DB4C /* content.js in Resources */ = {isa = PBXBuildFile; fileRef = CE4A28962B2144C90037DB4C /* content.js */; };
		CE4A28992B2144C90037DB4C /* popup.html in Resources */ = {isa = PBXBuildFile; fileRef = CE4A28982B2144C90037DB4C /* popup.html */; };
		CE4A289B2B2144C90037DB4C /* popup.css in Resources */ = {isa = PBXBuildFile; fileRef = CE4A289A2B2144C90037DB4C /* popup.css */; };
		CE4A289D2B2144C90037DB4C /* popup.js in Resources */ = {isa = PBXBuildFile; fileRef = CE4A289C2B2144C90037DB4C /* popup.js */; };
		CE4A289F2B2144C90037DB4C /* Assets.xcassets in Resources */ = {isa = PBXBuildFile; fileRef = CE4A28802B2144C90037DB4C /* Assets.xcassets */; };
/* End PBXBuildFile section */

/* Begin PBXContainerItemProxy section */
		CE4A28882B2144C90037DB4C /* PBXContainerItemProxy */ = {
			isa = PBXContainerItemProxy;
			containerPortal = CE4A28612B2144C80037DB4C /* Project object */;
			proxyType = 1;
			remoteGlobalIDString = CE4A28852B2144C90037DB4C;
			remoteInfo = "YoutubePIP Extension";
		};
/* End PBXContainerItemProxy section */

/* Begin PBXCopyFilesBuildPhase section */
		CE4A28A52B2144C90037DB4C /* Embed Foundation Extensions */ = {
			isa = PBXCopyFilesBuildPhase;
			buildActionMask = 2147483647;
			dstPath = "";
			dstSubfolderSpec = 13;
			files = (
				CE4A28872B2144C90037DB4C /* YoutubePIP Extension.appex in Embed Foundation Extensions */,
			);
			name = "Embed Foundation Extensions";
			runOnlyForDeploymentPostprocessing = 0;
		};
/* End PBXCopyFilesBuildPhase section */

/* Begin PBXFileReference section */
		CE4A28692B2144C80037DB4C /* YoutubePIP.app */ = {isa = PBXFileReference; explicitFileType = wrapper.application; includeInIndex = 0; path = YoutubePIP.app; sourceTree = BUILT_PRODUCTS_DIR; };
		CE4A286C2B2144C80037DB4C /* AppDelegate.swift */ = {isa = PBXFileReference; lastKnownFileType = sourcecode.swift; path = AppDelegate.swift; sourceTree = "<group>"; };
		CE4A28702B2144C80037DB4C /* Base */ = {isa = PBXFileReference; lastKnownFileType = text.html; name = Base; path = ../Base.lproj/Main.html; sourceTree = "<group>"; };
		CE4A28722B2144C80037DB4C /* Icon.png */ = {isa = PBXFileReference; lastKnownFileType = image.png; path = Icon.png; sourceTree = "<group>"; };
		CE4A28742B2144C80037DB4C /* Style.css */ = {isa = PBXFileReference; lastKnownFileType = text.css; path = Style.css; sourceTree = "<group>"; };
		CE4A28762B2144C80037DB4C /* SceneDelegate.swift */ = {isa = PBXFileReference; lastKnownFileType = sourcecode.swift; path = SceneDelegate.swift; sourceTree = "<group>"; };
		CE4A28782B2144C80037DB4C /* ViewController.swift */ = {isa = PBXFileReference; lastKnownFileType = sourcecode.swift; path = ViewController.swift; sourceTree = "<group>"; };
		CE4A287B2B2144C80037DB4C /* Base */ = {isa = PBXFileReference; lastKnownFileType = file.storyboard; name = Base; path = Base.lproj/LaunchScreen.storyboard; sourceTree = "<group>"; };
		CE4A287E2B2144C80037DB4C /* Base */ = {isa = PBXFileReference; lastKnownFileType = file.storyboard; name = Base; path = Base.lproj/Main.storyboard; sourceTree = "<group>"; };
		CE4A28802B2144C90037DB4C /* Assets.xcassets */ = {isa = PBXFileReference; lastKnownFileType = folder.assetcatalog; path = Assets.xcassets; sourceTree = "<group>"; };
		CE4A28812B2144C90037DB4C /* Info.plist */ = {isa = PBXFileReference; lastKnownFileType = text.plist.xml; path = Info.plist; sourceTree = "<group>"; };
		CE4A28862B2144C90037DB4C /* YoutubePIP Extension.appex */ = {isa = PBXFileReference; explicitFileType = "wrapper.app-extension"; includeInIndex = 0; path = "YoutubePIP Extension.appex"; sourceTree = BUILT_PRODUCTS_DIR; };
		CE4A288B2B2144C90037DB4C /* SafariWebExtensionHandler.swift */ = {isa = PBXFileReference; lastKnownFileType = sourcecode.swift; path = SafariWebExtensionHandler.swift; sourceTree = "<group>"; };
		CE4A288E2B2144C90037DB4C /* _locales */ = {isa = PBXFileReference; lastKnownFileType = folder; path = _locales; sourceTree = "<group>"; };
		CE4A28902B2144C90037DB4C /* images */ = {isa = PBXFileReference; lastKnownFileType = folder; path = images; sourceTree = "<group>"; };
		CE4A28922B2144C90037DB4C /* manifest.json */ = {isa = PBXFileReference; lastKnownFileType = text.json; path = manifest.json; sourceTree = "<group>"; };
		CE4A28942B2144C90037DB4C /* background.js */ = {isa = PBXFileReference; lastKnownFileType = sourcecode.javascript; path = background.js; sourceTree = "<group>"; };
		CE4A28962B2144C90037DB4C /* content.js */ = {isa = PBXFileReference; lastKnownFileType = sourcecode.javascript; path = content.js; sourceTree = "<group>"; };
		CE4A28982B2144C90037DB4C /* popup.html */ = {isa = PBXFileReference; lastKnownFileType = text.html; path = popup.html; sourceTree = "<group>"; };
		CE4A289A2B2144C90037DB4C /* popup.css */ = {isa = PBXFileReference; lastKnownFileType = text.css; path = popup.css; sourceTree = "<group>"; };
		CE4A289C2B2144C90037DB4C /* popup.js */ = {isa = PBXFileReference; lastKnownFileType = sourcecode.javascript; path = popup.js; sourceTree = "<group>"; };
		CE4A289E2B2144C90037DB4C /* Info.plist */ = {isa = PBXFileReference; lastKnownFileType = text.plist.xml; path = Info.plist; sourceTree = "<group>"; };
/* End PBXFileReference section */

/* Begin PBXFrameworksBuildPhase section */
		CE4A28662B2144C80037DB4C /* Frameworks */ = {
			isa = PBXFrameworksBuildPhase;
			buildActionMask = 2147483647;
			files = (
			);
			runOnlyForDeploymentPostprocessing = 0;
		};
		CE4A28832B2144C90037DB4C /* Frameworks */ = {
			isa = PBXFrameworksBuildPhase;
			buildActionMask = 2147483647;
			files = (
			);
			runOnlyForDeploymentPostprocessing = 0;
		};
/* End PBXFrameworksBuildPhase section */

/* Begin PBXGroup section */
		CE4A28602B2144C80037DB4C = {
			isa = PBXGroup;
			children = (
				CE4A286B2B2144C80037DB4C /* YoutubePIP */,
				CE4A288A2B2144C90037DB4C /* YoutubePIP Extension */,
				CE4A286A2B2144C80037DB4C /* Products */,
			);
			sourceTree = "<group>";
		};
		CE4A286A2B2144C80037DB4C /* Products */ = {
			isa = PBXGroup;
			children = (
				CE4A28692B2144C80037DB4C /* YoutubePIP.app */,
				CE4A28862B2144C90037DB4C /* YoutubePIP Extension.appex */,
			);
			name = Products;
			sourceTree = "<group>";
		};
		CE4A286B2B2144C80037DB4C /* YoutubePIP */ = {
			isa = PBXGroup;
			children = (
				CE4A286C2B2144C80037DB4C /* AppDelegate.swift */,
				CE4A28762B2144C80037DB4C /* SceneDelegate.swift */,
				CE4A28782B2144C80037DB4C /* ViewController.swift */,
				CE4A287A2B2144C80037DB4C /* LaunchScreen.storyboard */,
				CE4A287D2B2144C80037DB4C /* Main.storyboard */,
				CE4A28802B2144C90037DB4C /* Assets.xcassets */,
				CE4A28812B2144C90037DB4C /* Info.plist */,
				CE4A286E2B2144C80037DB4C /* Resources */,
			);
			path = YoutubePIP;
			sourceTree = "<group>";
		};
		CE4A286E2B2144C80037DB4C /* Resources */ = {
			isa = PBXGroup;
			children = (
				CE4A286F2B2144C80037DB4C /* Main.html */,
				CE4A28722B2144C80037DB4C /* Icon.png */,
				CE4A28742B2144C80037DB4C /* Style.css */,
			);
			path = Resources;
			sourceTree = "<group>";
		};
		CE4A288A2B2144C90037DB4C /* YoutubePIP Extension */ = {
			isa = PBXGroup;
			children = (
				CE4A288B2B2144C90037DB4C /* SafariWebExtensionHandler.swift */,
				CE4A289E2B2144C90037DB4C /* Info.plist */,
				CE4A288D2B2144C90037DB4C /* Resources */,
			);
			path = "YoutubePIP Extension";
			sourceTree = "<group>";
		};
		CE4A288D2B2144C90037DB4C /* Resources */ = {
			isa = PBXGroup;
			children = (
				CE4A288E2B2144C90037DB4C /* _locales */,
				CE4A28902B2144C90037DB4C /* images */,
				CE4A28922B2144C90037DB4C /* manifest.json */,
				CE4A28942B2144C90037DB4C /* background.js */,
				CE4A28962B2144C90037DB4C /* content.js */,
				CE4A28982B2144C90037DB4C /* popup.html */,
				CE4A289A2B2144C90037DB4C /* popup.css */,
				CE4A289C2B2144C90037DB4C /* popup.js */,
			);
			path = Resources;
			sourceTree = "<group>";
		};
/* End PBXGroup section */

/* Begin PBXNativeTarget section */
		CE4A28682B2144C80037DB4C /* YoutubePIP */ = {
			isa = PBXNativeTarget;
			buildConfigurationList = CE4A28A62B2144C90037DB4C /* Build configuration list for PBXNativeTarget "YoutubePIP" */;
			buildPhases = (
				CE4A28652B2144C80037DB4C /* Sources */,
				CE4A28662B2144C80037DB4C /* Frameworks */,
				CE4A28672B2144C80037DB4C /* Resources */,
				CE4A28A52B2144C90037DB4C /* Embed Foundation Extensions */,
			);
			buildRules = (
			);
			dependencies = (
				CE4A28892B2144C90037DB4C /* PBXTargetDependency */,
			);
			name = YoutubePIP;
			productName = YoutubePIP;
			productReference = CE4A28692B2144C80037DB4C /* YoutubePIP.app */;
			productType = "com.apple.product-type.application";
		};
		CE4A28852B2144C90037DB4C /* YoutubePIP Extension */ = {
			isa = PBXNativeTarget;
			buildConfigurationList = CE4A28A22B2144C90037DB4C /* Build configuration list for PBXNativeTarget "YoutubePIP Extension" */;
			buildPhases = (
				CE4A28822B2144C90037DB4C /* Sources */,
				CE4A28832B2144C90037DB4C /* Frameworks */,
				CE4A28842B2144C90037DB4C /* Resources */,
			);
			buildRules = (
			);
			dependencies = (
			);
			name = "YoutubePIP Extension";
			productName = "YoutubePIP Extension";
			productReference = CE4A28862B2144C90037DB4C /* YoutubePIP Extension.appex */;
			productType = "com.apple.product-type.app-extension";
		};
/* End PBXNativeTarget section */

/* Begin PBXProject section */
		CE4A28612B2144C80037DB4C /* Project object */ = {
			isa = PBXProject;
			attributes = {
				BuildIndependentTargetsInParallel = 1;
				LastSwiftUpdateCheck = 1500;
				LastUpgradeCheck = 1500;
				TargetAttributes = {
					CE4A28682B2144C80037DB4C = {
						CreatedOnToolsVersion = 15.0.1;
					};
					CE4A28852B2144C90037DB4C = {
						CreatedOnToolsVersion = 15.0.1;
					};
				};
			};
			buildConfigurationList = CE4A28642B2144C80037DB4C /* Build configuration list for PBXProject "YoutubePIP" */;
			compatibilityVersion = "Xcode 14.0";
			developmentRegion = en;
			hasScannedForEncodings = 0;
			knownRegions = (
				en,
				Base,
			);
			mainGroup = CE4A28602B2144C80037DB4C;
			productRefGroup = CE4A286A2B2144C80037DB4C /* Products */;
			projectDirPath = "";
			projectRoot = "";
			targets = (
				CE4A28682B2144C80037DB4C /* YoutubePIP */,
				CE4A28852B2144C90037DB4C /* YoutubePIP Extension */,
			);
		};
/* End PBXProject section */

/* Begin PBXResourcesBuildPhase section */
		CE4A28672B2144C80037DB4C /* Resources */ = {
			isa = PBXResourcesBuildPhase;
			buildActionMask = 2147483647;
			files = (
				CE4A28732B2144C80037DB4C /* Icon.png in Resources */,
				CE4A287F2B2144C80037DB4C /* Main.storyboard in Resources */,
				CE4A287C2B2144C80037DB4C /* LaunchScreen.storyboard in Resources */,
				CE4A28712B2144C80037DB4C /* Main.html in Resources */,
				CE4A289F2B2144C90037DB4C /* Assets.xcassets in Resources */,
				CE4A28752B2144C80037DB4C /* Style.css in Resources */,
			);
			runOnlyForDeploymentPostprocessing = 0;
		};
		CE4A28842B2144C90037DB4C /* Resources */ = {
			isa = PBXResourcesBuildPhase;
			buildActionMask = 2147483647;
			files = (
				CE4A28952B2144C90037DB4C /* background.js in Resources */,
				CE4A289B2B2144C90037DB4C /* popup.css in Resources */,
				CE4A28992B2144C90037DB4C /* popup.html in Resources */,
				CE4A28912B2144C90037DB4C /* images in Resources */,
				CE4A28932B2144C90037DB4C /* manifest.json in Resources */,
				CE4A288F2B2144C90037DB4C /* _locales in Resources */,
				CE4A28972B2144C90037DB4C /* content.js in Resources */,
				CE4A289D2B2144C90037DB4C /* popup.js in Resources */,
			);
			runOnlyForDeploymentPostprocessing = 0;
		};
/* End PBXResourcesBuildPhase section */

/* Begin PBXSourcesBuildPhase section */
		CE4A28652B2144C80037DB4C /* Sources */ = {
			isa = PBXSourcesBuildPhase;
			buildActionMask = 2147483647;
			files = (
				CE4A28792B2144C80037DB4C /* ViewController.swift in Sources */,
				CE4A286D2B2144C80037DB4C /* AppDelegate.swift in Sources */,
				CE4A28772B2144C80037DB4C /* SceneDelegate.swift in Sources */,
			);
			runOnlyForDeploymentPostprocessing = 0;
		};
		CE4A28822B2144C90037DB4C /* Sources */ = {
			isa = PBXSourcesBuildPhase;
			buildActionMask = 2147483647;
			files = (
				CE4A288C2B2144C90037DB4C /* SafariWebExtensionHandler.swift in Sources */,
			);
			runOnlyForDeploymentPostprocessing = 0;
		};
/* End PBXSourcesBuildPhase section */

/* Begin PBXTargetDependency section */
		CE4A28892B2144C90037DB4C /* PBXTargetDependency */ = {
			isa = PBXTargetDependency;
			target = CE4A28852B2144C90037DB4C /* YoutubePIP Extension */;
			targetProxy = CE4A28882B2144C90037DB4C /* PBXContainerItemProxy */;
		};
/* End PBXTargetDependency section */

/* Begin PBXVariantGroup section */
		CE4A286F2B2144C80037DB4C /* Main.html */ = {
			isa = PBXVariantGroup;
			children = (
				CE4A28702B2144C80037DB4C /* Base */,
			);
			name = Main.html;
			sourceTree = "<group>";
		};
		CE4A287A2B2144C80037DB4C /* LaunchScreen.storyboard */ = {
			isa = PBXVariantGroup;
			children = (
				CE4A287B2B2144C80037DB4C /* Base */,
			);
			name = LaunchScreen.storyboard;
			sourceTree = "<group>";
		};
		CE4A287D2B2144C80037DB4C /* Main.storyboard */ = {
			isa = PBXVariantGroup;
			children = (
				CE4A287E2B2144C80037DB4C /* Base */,
			);
			name = Main.storyboard;
			sourceTree = "<group>";
		};
/* End PBXVariantGroup section */

/* Begin XCBuildConfiguration section */
		CE4A28A02B2144C90037DB4C /* Debug */ = {
			isa = XCBuildConfiguration;
			buildSettings = {
				ALWAYS_SEARCH_USER_PATHS = NO;
				ASSETCATALOG_COMPILER_GENERATE_SWIFT_ASSET_SYMBOL_EXTENSIONS = YES;
				CLANG_ANALYZER_NONNULL = YES;
				CLANG_ANALYZER_NUMBER_OBJECT_CONVERSION = YES_AGGRESSIVE;
				CLANG_CXX_LANGUAGE_STANDARD = "gnu++20";
				CLANG_ENABLE_MODULES = YES;
				CLANG_ENABLE_OBJC_ARC = YES;
				CLANG_ENABLE_OBJC_WEAK = YES;
				CLANG_WARN_BLOCK_CAPTURE_AUTORELEASING = YES;
				CLANG_WARN_BOOL_CONVERSION = YES;
				CLANG_WARN_COMMA = YES;
				CLANG_WARN_CONSTANT_CONVERSION = YES;
				CLANG_WARN_DEPRECATED_OBJC_IMPLEMENTATIONS = YES;
				CLANG_WARN_DIRECT_OBJC_ISA_USAGE = YES_ERROR;
				CLANG_WARN_DOCUMENTATION_COMMENTS = YES;
				CLANG_WARN_EMPTY_BODY = YES;
				CLANG_WARN_ENUM_CONVERSION = YES;
				CLANG_WARN_INFINITE_RECURSION = YES;
				CLANG_WARN_INT_CONVERSION = YES;
				CLANG_WARN_NON_LITERAL_NULL_CONVERSION = YES;
				CLANG_WARN_OBJC_IMPLICIT_RETAIN_SELF = YES;
				CLANG_WARN_OBJC_LITERAL_CONVERSION = YES;
				CLANG_WARN_OBJC_ROOT_CLASS = YES_ERROR;
				CLANG_WARN_QUOTED_INCLUDE_IN_FRAMEWORK_HEADER = YES;
				CLANG_WARN_RANGE_LOOP_ANALYSIS = YES;
				CLANG_WARN_STRICT_PROTOTYPES = YES;
				CLANG_WARN_SUSPICIOUS_MOVE = YES;
				CLANG_WARN_UNGUARDED_AVAILABILITY = YES_AGGRESSIVE;
				CLANG_WARN_UNREACHABLE_CODE = YES;
				CLANG_WARN__DUPLICATE_METHOD_MATCH = YES;
				COPY_PHASE_STRIP = NO;
				DEBUG_INFORMATION_FORMAT = dwarf;
				ENABLE_STRICT_OBJC_MSGSEND = YES;
				ENABLE_TESTABILITY = YES;
				ENABLE_USER_SCRIPT_SANDBOXING = YES;
				GCC_C_LANGUAGE_STANDARD = gnu17;
				GCC_DYNAMIC_NO_PIC = NO;
				GCC_NO_COMMON_BLOCKS = YES;
				GCC_OPTIMIZATION_LEVEL = 0;
				GCC_PREPROCESSOR_DEFINITIONS = (
					"DEBUG=1",
					"$(inherited)",
				);
				GCC_WARN_64_TO_32_BIT_CONVERSION = YES;
				GCC_WARN_ABOUT_RETURN_TYPE = YES_ERROR;
				GCC_WARN_UNDECLARED_SELECTOR = YES;
				GCC_WARN_UNINITIALIZED_AUTOS = YES_AGGRESSIVE;
				GCC_WARN_UNUSED_FUNCTION = YES;
				GCC_WARN_UNUSED_VARIABLE = YES;
				IPHONEOS_DEPLOYMENT_TARGET = 17.0;
				LOCALIZATION_PREFERS_STRING_CATALOGS = YES;
				MTL_ENABLE_DEBUG_INFO = INCLUDE_SOURCE;
				MTL_FAST_MATH = YES;
				ONLY_ACTIVE_ARCH = YES;
				SDKROOT = iphoneos;
				SWIFT_ACTIVE_COMPILATION_CONDITIONS = "DEBUG $(inherited)";
				SWIFT_OPTIMIZATION_LEVEL = "-Onone";
			};
			name = Debug;
		};
		CE4A28A12B2144C90037DB4C /* Release */ = {
			isa = XCBuildConfiguration;
			buildSettings = {
				ALWAYS_SEARCH_USER_PATHS = NO;
				ASSETCATALOG_COMPILER_GENERATE_SWIFT_ASSET_SYMBOL_EXTENSIONS = YES;
				CLANG_ANALYZER_NONNULL = YES;
				CLANG_ANALYZER_NUMBER_OBJECT_CONVERSION = YES_AGGRESSIVE;
				CLANG_CXX_LANGUAGE_STANDARD = "gnu++20";
				CLANG_ENABLE_MODULES = YES;
				CLANG_ENABLE_OBJC_ARC = YES;
				CLANG_ENABLE_OBJC_WEAK = YES;
				CLANG_WARN_BLOCK_CAPTURE_AUTORELEASING = YES;
				CLANG_WARN_BOOL_CONVERSION = YES;
				CLANG_WARN_COMMA = YES;
				CLANG_WARN_CONSTANT_CONVERSION = YES;
				CLANG_WARN_DEPRECATED_OBJC_IMPLEMENTATIONS = YES;
				CLANG_WARN_DIRECT_OBJC_ISA_USAGE = YES_ERROR;
				CLANG_WARN_DOCUMENTATION_COMMENTS = YES;
				CLANG_WARN_EMPTY_BODY = YES;
				CLANG_WARN_ENUM_CONVERSION = YES;
				CLANG_WARN_INFINITE_RECURSION = YES;
				CLANG_WARN_INT_CONVERSION = YES;
				CLANG_WARN_NON_LITERAL_NULL_CONVERSION = YES;
				CLANG_WARN_OBJC_IMPLICIT_RETAIN_SELF = YES;
				CLANG_WARN_OBJC_LITERAL_CONVERSION = YES;
				CLANG_WARN_OBJC_ROOT_CLASS = YES_ERROR;
				CLANG_WARN_QUOTED_INCLUDE_IN_FRAMEWORK_HEADER = YES;
				CLANG_WARN_RANGE_LOOP_ANALYSIS = YES;
				CLANG_WARN_STRICT_PROTOTYPES = YES;
				CLANG_WARN_SUSPICIOUS_MOVE = YES;
				CLANG_WARN_UNGUARDED_AVAILABILITY = YES_AGGRESSIVE;
				CLANG_WARN_UNREACHABLE_CODE = YES;
				CLANG_WARN__DUPLICATE_METHOD_MATCH = YES;
				COPY_PHASE_STRIP = NO;
				DEBUG_INFORMATION_FORMAT = "dwarf-with-dsym";
				ENABLE_NS_ASSERTIONS = NO;
				ENABLE_STRICT_OBJC_MSGSEND = YES;
				ENABLE_USER_SCRIPT_SANDBOXING = YES;
				GCC_C_LANGUAGE_STANDARD = gnu17;
				GCC_NO_COMMON_BLOCKS = YES;
				GCC_WARN_64_TO_32_BIT_CONVERSION = YES;
				GCC_WARN_ABOUT_RETURN_TYPE = YES_ERROR;
				GCC_WARN_UNDECLARED_SELECTOR = YES;
				GCC_WARN_UNINITIALIZED_AUTOS = YES_AGGRESSIVE;
				GCC_WARN_UNUSED_FUNCTION = YES;
				GCC_WARN_UNUSED_VARIABLE = YES;
				IPHONEOS_DEPLOYMENT_TARGET = 17.0;
				LOCALIZATION_PREFERS_STRING_CATALOGS = YES;
				MTL_ENABLE_DEBUG_INFO = NO;
				MTL_FAST_MATH = YES;
				SDKROOT = iphoneos;
				SWIFT_COMPILATION_MODE = wholemodule;
				VALIDATE_PRODUCT = YES;
			};
			name = Release;
		};
		CE4A28A32B2144C90037DB4C /* Debug */ = {
			isa = XCBuildConfiguration;
			buildSettings = {
				CODE_SIGN_STYLE = Automatic;
				CURRENT_PROJECT_VERSION = 1;
				DEVELOPMENT_TEAM = "";
				GENERATE_INFOPLIST_FILE = YES;
				INFOPLIST_FILE = "YoutubePIP Extension/Info.plist";
				INFOPLIST_KEY_CFBundleDisplayName = "YoutubePIP Extension";
				INFOPLIST_KEY_NSHumanReadableCopyright = "";
				IPHONEOS_DEPLOYMENT_TARGET = 15.0;
				LD_RUNPATH_SEARCH_PATHS = (
					"$(inherited)",
					"@executable_path/Frameworks",
					"@executable_path/../../Frameworks",
				);
				MARKETING_VERSION = 1.0;
				OTHER_LDFLAGS = (
					"-framework",
					SafariServices,
				);
				PRODUCT_BUNDLE_IDENTIFIER = io.phasefactor.YoutubePIP.Extension;
				PRODUCT_NAME = "$(TARGET_NAME)";
				SKIP_INSTALL = YES;
				SWIFT_EMIT_LOC_STRINGS = YES;
				SWIFT_VERSION = 5.0;
				TARGETED_DEVICE_FAMILY = "1,2";
			};
			name = Debug;
		};
		CE4A28A42B2144C90037DB4C /* Release */ = {
			isa = XCBuildConfiguration;
			buildSettings = {
				CODE_SIGN_STYLE = Automatic;
				CURRENT_PROJECT_VERSION = 1;
				DEVELOPMENT_TEAM = "";
				GENERATE_INFOPLIST_FILE = YES;
				INFOPLIST_FILE = "YoutubePIP Extension/Info.plist";
				INFOPLIST_KEY_CFBundleDisplayName = "YoutubePIP Extension";
				INFOPLIST_KEY_NSHumanReadableCopyright = "";
				IPHONEOS_DEPLOYMENT_TARGET = 15.0;
				LD_RUNPATH_SEARCH_PATHS = (
					"$(inherited)",
					"@executable_path/Frameworks",
					"@executable_path/../../Frameworks",
				);
				MARKETING_VERSION = 1.0;
				OTHER_LDFLAGS = (
					"-framework",
					SafariServices,
				);
				PRODUCT_BUNDLE_IDENTIFIER = io.phasefactor.YoutubePIP.Extension;
				PRODUCT_NAME = "$(TARGET_NAME)";
				SKIP_INSTALL = YES;
				SWIFT_EMIT_LOC_STRINGS = YES;
				SWIFT_VERSION = 5.0;
				TARGETED_DEVICE_FAMILY = "1,2";
			};
			name = Release;
		};
		CE4A28A72B2144C90037DB4C /* Debug */ = {
			isa = XCBuildConfiguration;
			buildSettings = {
				ALWAYS_EMBED_SWIFT_STANDARD_LIBRARIES = YES;
				ASSETCATALOG_COMPILER_APPICON_NAME = AppIcon;
				ASSETCATALOG_COMPILER_GLOBAL_ACCENT_COLOR_NAME = AccentColor;
				CODE_SIGN_STYLE = Automatic;
				CURRENT_PROJECT_VERSION = 1;
				DEVELOPMENT_TEAM = "";
				GENERATE_INFOPLIST_FILE = YES;
				INFOPLIST_FILE = YoutubePIP/Info.plist;
				INFOPLIST_KEY_CFBundleDisplayName = YoutubePIP;
				INFOPLIST_KEY_UIApplicationSupportsIndirectInputEvents = YES;
				INFOPLIST_KEY_UILaunchStoryboardName = LaunchScreen;
				INFOPLIST_KEY_UIMainStoryboardFile = Main;
				INFOPLIST_KEY_UISupportedInterfaceOrientations_iPad = "UIInterfaceOrientationPortrait UIInterfaceOrientationPortraitUpsideDown UIInterfaceOrientationLandscapeLeft UIInterfaceOrientationLandscapeRight";
				INFOPLIST_KEY_UISupportedInterfaceOrientations_iPhone = "UIInterfaceOrientationPortrait UIInterfaceOrientationLandscapeLeft UIInterfaceOrientationLandscapeRight";
				IPHONEOS_DEPLOYMENT_TARGET = 15.0;
				LD_RUNPATH_SEARCH_PATHS = (
					"$(inherited)",
					"@executable_path/Frameworks",
				);
				MARKETING_VERSION = 1.0;
				OTHER_LDFLAGS = (
					"-framework",
					SafariServices,
					"-framework",
					WebKit,
				);
				PRODUCT_BUNDLE_IDENTIFIER = io.phasefactor.YoutubePIP;
				PRODUCT_NAME = "$(TARGET_NAME)";
				SWIFT_EMIT_LOC_STRINGS = YES;
				SWIFT_VERSION = 5.0;
				TARGETED_DEVICE_FAMILY = "1,2";
			};
			name = Debug;
		};
		CE4A28A82B2144C90037DB4C /* Release */ = {
			isa = XCBuildConfiguration;
			buildSettings = {
				ALWAYS_EMBED_SWIFT_STANDARD_LIBRARIES = YES;
				ASSETCATALOG_COMPILER_APPICON_NAME = AppIcon;
				ASSETCATALOG_COMPILER_GLOBAL_ACCENT_COLOR_NAME = AccentColor;
				CODE_SIGN_STYLE = Automatic;
				CURRENT_PROJECT_VERSION = 1;
				DEVELOPMENT_TEAM = "";
				GENERATE_INFOPLIST_FILE = YES;
				INFOPLIST_FILE = YoutubePIP/Info.plist;
				INFOPLIST_KEY_CFBundleDisplayName = YoutubePIP;
				INFOPLIST_KEY_UIApplicationSupportsIndirectInputEvents = YES;
				INFOPLIST_KEY_UILaunchStoryboardName = LaunchScreen;
				INFOPLIST_KEY_UIMainStoryboardFile = Main;
				INFOPLIST_KEY_UISupportedInterfaceOrientations_iPad = "UIInterfaceOrientationPortrait UIInterfaceOrientationPortraitUpsideDown UIInterfaceOrientationLandscapeLeft UIInterfaceOrientationLandscapeRight";
				INFOPLIST_KEY_UISupportedInterfaceOrientations_iPhone = "UIInterfaceOrientationPortrait UIInterfaceOrientationLandscapeLeft UIInterfaceOrientationLandscapeRight";
				IPHONEOS_DEPLOYMENT_TARGET = 15.0;
				LD_RUNPATH_SEARCH_PATHS = (
					"$(inherited)",
					"@executable_path/Frameworks",
				);
				MARKETING_VERSION = 1.0;
				OTHER_LDFLAGS = (
					"-framework",
					SafariServices,
					"-framework",
					WebKit,
				);
				PRODUCT_BUNDLE_IDENTIFIER = io.phasefactor.YoutubePIP;
				PRODUCT_NAME = "$(TARGET_NAME)";
				SWIFT_EMIT_LOC_STRINGS = YES;
				SWIFT_VERSION = 5.0;
				TARGETED_DEVICE_FAMILY = "1,2";
			};
			name = Release;
		};
/* End XCBuildConfiguration section */

/* Begin XCConfigurationList section */
		CE4A28642B2144C80037DB4C /* Build configuration list for PBXProject "YoutubePIP" */ = {
			isa = XCConfigurationList;
			buildConfigurations = (
				CE4A28A02B2144C90037DB4C /* Debug */,
				CE4A28A12B2144C90037DB4C /* Release */,
			);
			defaultConfigurationIsVisible = 0;
			defaultConfigurationName = Release;
		};
		CE4A28A22B2144C90037DB4C /* Build configuration list for PBXNativeTarget "YoutubePIP Extension" */ = {
			isa = XCConfigurationList;
			buildConfigurations = (
				CE4A28A32B2144C90037DB4C /* Debug */,
				CE4A28A42B2144C90037DB4C /* Release */,
			);
			defaultConfigurationIsVisible = 0;
			defaultConfigurationName = Release;
		};
		CE4A28A62B2144C90037DB4C /* Build configuration list for PBXNativeTarget "YoutubePIP" */ = {
			isa = XCConfigurationList;
			buildConfigurations = (
				CE4A28A72B2144C90037DB4C /* Debug */,
				CE4A28A82B2144C90037DB4C /* Release */,
			);
			defaultConfigurationIsVisible = 0;
			defaultConfigurationName = Release;
		};
/* End XCConfigurationList section */
	};
	rootObject = CE4A28612B2144C80037DB4C /* Project object */;
}
